
Microsoft Visual Studio Solution File, Format Version 12.00
# Visual Studio 14
VisualStudioVersion = 14.0.24720.0
MinimumVisualStudioVersion = 10.0.40219.1
Project("{FAE04EC0-301F-11D3-BF4B-00C04F79EFBC}") = "Demo01", "01 - initialization\Demo01.csproj", "{D581EA70-C2DE-4AA5-AFF9-4AE60E44C7B3}"
EndProject
Project("{FAE04EC0-301F-11D3-BF4B-00C04F79EFBC}") = "Demo03", "03 - window\Demo03.csproj", "{DB2992E9-96D1-4CAF-ADE3-B8DA9A21B63B}"
EndProject
Project("{FAE04EC0-301F-11D3-BF4B-00C04F79EFBC}") = "Demo04", "04 - Input\Demo04.csproj", "{1E62DAAF-A587-4BD1-A99B-747BB37B214D}"
EndProject
Project("{FAE04EC0-301F-11D3-BF4B-00C04F79EFBC}") = "Demo05", "05 - CursorAndCamera\Demo05.csproj", "{4D817039-6431-4DD9-97CE-620C61164BAB}"
EndProject
Project("{FAE04EC0-301F-11D3-BF4B-00C04F79EFBC}") = "Demo02", "02 - primitives\Demo02.csproj", "{BF633963-83B5-4F0D-ABAE-97717A912BAB}"
EndProject
Global
	GlobalSection(SolutionConfigurationPlatforms) = preSolution
		Debug|Any CPU = Debug|Any CPU
		Release|Any CPU = Release|Any CPU
	EndGlobalSection
	GlobalSection(ProjectConfigurationPlatforms) = postSolution
		{D581EA70-C2DE-4AA5-AFF9-4AE60E44C7B3}.Debug|Any CPU.ActiveCfg = Debug|Any CPU
		{D581EA70-C2DE-4AA5-AFF9-4AE60E44C7B3}.Debug|Any CPU.Build.0 = Debug|Any CPU
		{D581EA70-C2DE-4AA5-AFF9-4AE60E44C7B3}.Release|Any CPU.ActiveCfg = Release|Any CPU
		{D581EA70-C2DE-4AA5-AFF9-4AE60E44C7B3}.Release|Any CPU.Build.0 = Release|Any CPU
		{DB2992E9-96D1-4CAF-ADE3-B8DA9A21B63B}.Debug|Any CPU.ActiveCfg = Debug|Any CPU
		{DB2992E9-96D1-4CAF-ADE3-B8DA9A21B63B}.Debug|Any CPU.Build.0 = Debug|Any CPU
		{DB2992E9-96D1-4CAF-ADE3-B8DA9A21B63B}.Release|Any CPU.ActiveCfg = Release|Any CPU
		{DB2992E9-96D1-4CAF-ADE3-B8DA9A21B63B}.Release|Any CPU.Build.0 = Release|Any CPU
		{1E62DAAF-A587-4BD1-A99B-747BB37B214D}.Debug|Any CPU.ActiveCfg = Debug|Any CPU
		{1E62DAAF-A587-4BD1-A99B-747BB37B214D}.Debug|Any CPU.Build.0 = Debug|Any CPU
		{1E62DAAF-A587-4BD1-A99B-747BB37B214D}.Release|Any CPU.ActiveCfg = Release|Any CPU
		{1E62DAAF-A587-4BD1-A99B-747BB37B214D}.Release|Any CPU.Build.0 = Release|Any CPU
		{4D817039-6431-4DD9-97CE-620C61164BAB}.Debug|Any CPU.ActiveCfg = Debug|Any CPU
		{4D817039-6431-4DD9-97CE-620C61164BAB}.Debug|Any CPU.Build.0 = Debug|Any CPU
		{4D817039-6431-4DD9-97CE-620C61164BAB}.Release|Any CPU.ActiveCfg = Release|Any CPU
		{4D817039-6431-4DD9-97CE-620C61164BAB}.Release|Any CPU.Build.0 = Release|Any CPU
		{BF633963-83B5-4F0D-ABAE-97717A912BAB}.Debug|Any CPU.ActiveCfg = Debug|Any CPU
		{BF633963-83B5-4F0D-ABAE-97717A912BAB}.Debug|Any CPU.Build.0 = Debug|Any CPU
		{BF633963-83B5-4F0D-ABAE-97717A912BAB}.Release|Any CPU.ActiveCfg = Release|Any CPU
		{BF633963-83B5-4F0D-ABAE-97717A912BAB}.Release|Any CPU.Build.0 = Release|Any CPU
	EndGlobalSection
	GlobalSection(SolutionProperties) = preSolution
		HideSolutionNode = FALSE
	EndGlobalSection
EndGlobal
