<Project xmlns="http://schemas.microsoft.com/developer/msbuild/2003">
    <PropertyGroup>
        <ProjectGuid>{1204de41-c033-4d70-a74b-9a0a4043ba66}</ProjectGuid>
        <Configuration Condition=" '$(Configuration)' == '' ">Debug</Configuration>
        <DCC_DCCCompiler>DCC32</DCC_DCCCompiler>
        <DCC_DependencyCheckOutputName>qei.dll</DCC_DependencyCheckOutputName>
        <MainSource>qei.dpr</MainSource>
        <FrameworkType>None</FrameworkType>
        <ProjectVersion>14.3</ProjectVersion>
        <Base>True</Base>
        <Config Condition="'$(Config)'==''">Release</Config>
        <Platform Condition="'$(Platform)'==''">Win32</Platform>
        <TargetedPlatforms>3</TargetedPlatforms>
        <AppType>Library</AppType>
    </PropertyGroup>
    <PropertyGroup Condition="'$(Config)'=='Base' or '$(Base)'!=''">
        <Base>true</Base>
    </PropertyGroup>
    <PropertyGroup Condition="('$(Platform)'=='Win32' and '$(Base)'=='true') or '$(Base_Win32)'!=''">
        <Base_Win32>true</Base_Win32>
        <CfgParent>Base</CfgParent>
        <Base>true</Base>
    </PropertyGroup>
    <PropertyGroup Condition="('$(Platform)'=='Win64' and '$(Base)'=='true') or '$(Base_Win64)'!=''">
        <Base_Win64>true</Base_Win64>
        <CfgParent>Base</CfgParent>
        <Base>true</Base>
    </PropertyGroup>
    <PropertyGroup Condition="'$(Config)'=='Release' or '$(Cfg_1)'!=''">
        <Cfg_1>true</Cfg_1>
        <CfgParent>Base</CfgParent>
        <Base>true</Base>
    </PropertyGroup>
    <PropertyGroup Condition="('$(Platform)'=='Win32' and '$(Cfg_1)'=='true') or '$(Cfg_1_Win32)'!=''">
        <Cfg_1_Win32>true</Cfg_1_Win32>
        <CfgParent>Cfg_1</CfgParent>
        <Cfg_1>true</Cfg_1>
        <Base>true</Base>
    </PropertyGroup>
    <PropertyGroup Condition="('$(Platform)'=='Win64' and '$(Cfg_1)'=='true') or '$(Cfg_1_Win64)'!=''">
        <Cfg_1_Win64>true</Cfg_1_Win64>
        <CfgParent>Cfg_1</CfgParent>
        <Cfg_1>true</Cfg_1>
        <Base>true</Base>
    </PropertyGroup>
    <PropertyGroup Condition="'$(Config)'=='Debug' or '$(Cfg_2)'!=''">
        <Cfg_2>true</Cfg_2>
        <CfgParent>Base</CfgParent>
        <Base>true</Base>
    </PropertyGroup>
    <PropertyGroup Condition="('$(Platform)'=='Win32' and '$(Cfg_2)'=='true') or '$(Cfg_2_Win32)'!=''">
        <Cfg_2_Win32>true</Cfg_2_Win32>
        <CfgParent>Cfg_2</CfgParent>
        <Cfg_2>true</Cfg_2>
        <Base>true</Base>
    </PropertyGroup>
    <PropertyGroup Condition="('$(Platform)'=='Win64' and '$(Cfg_2)'=='true') or '$(Cfg_2_Win64)'!=''">
        <Cfg_2_Win64>true</Cfg_2_Win64>
        <CfgParent>Cfg_2</CfgParent>
        <Cfg_2>true</Cfg_2>
        <Base>true</Base>
    </PropertyGroup>
    <PropertyGroup Condition="'$(Base)'!=''">
        <DCC_UnitSearchPath>$(BDS)\Source\DUnit\src;$(DCC_UnitSearchPath)</DCC_UnitSearchPath>
        <VerInfo_Locale>1049</VerInfo_Locale>
        <VerInfo_Build>213</VerInfo_Build>
        <VerInfo_MajorVer>0</VerInfo_MajorVer>
        <VerInfo_MinorVer>4</VerInfo_MinorVer>
        <VerInfo_IncludeVerInfo>true</VerInfo_IncludeVerInfo>
        <VerInfo_AutoGenVersion>true</VerInfo_AutoGenVersion>
        <VerInfo_Keys>CompanyName=Quad-engine;FileDescription=;FileVersion=0.4.0.213;InternalName=;LegalCopyright=Quad-engine;LegalTrademarks=;OriginalFilename=;ProductName=Quad-engine Library;ProductVersion=0.4.0;Comments=http://quad-engine.com</VerInfo_Keys>
        <GenDll>true</GenDll>
        <DCC_Namespace>System;Xml;Data;Datasnap;Web;Soap;Winapi;Vcl;Vcl.Imaging;$(DCC_Namespace)</DCC_Namespace>
    </PropertyGroup>
    <PropertyGroup Condition="'$(Base_Win32)'!=''">
        <VerInfo_IncludeVerInfo>true</VerInfo_IncludeVerInfo>
        <VerInfo_Locale>1033</VerInfo_Locale>
        <DCC_Namespace>System.Win;Data.Win;Datasnap.Win;Web.Win;Soap.Win;Xml.Win;Bde;$(DCC_Namespace)</DCC_Namespace>
        <VerInfo_Keys>CompanyName=;FileDescription=;FileVersion=1.0.0.0;InternalName=;LegalCopyright=;LegalTrademarks=;OriginalFilename=;ProductName=;ProductVersion=1.0.0.0;Comments=</VerInfo_Keys>
        <Icon_MainIcon>qei_Icon1.ico</Icon_MainIcon>
    </PropertyGroup>
    <PropertyGroup Condition="'$(Base_Win64)'!=''">
        <DCC_Namespace>System.Win;Data.Win;Datasnap.Win;Web.Win;Soap.Win;Xml.Win;$(DCC_Namespace)</DCC_Namespace>
        <VerInfo_Locale>1033</VerInfo_Locale>
        <VerInfo_Keys>CompanyName=;FileDescription=;FileVersion=1.0.0.0;InternalName=;LegalCopyright=;LegalTrademarks=;OriginalFilename=;ProductName=;ProductVersion=1.0.0.0;Comments=</VerInfo_Keys>
        <Icon_MainIcon>qei_Icon1.ico</Icon_MainIcon>
    </PropertyGroup>
    <PropertyGroup Condition="'$(Cfg_1)'!=''">
        <Version>7.0</Version>
        <DCC_DebugInformation>False</DCC_DebugInformation>
        <DCC_LocalDebugSymbols>False</DCC_LocalDebugSymbols>
        <DCC_SymbolReferenceInfo>0</DCC_SymbolReferenceInfo>
        <DCC_Define>RELEASE;$(DCC_Define)</DCC_Define>
    </PropertyGroup>
    <PropertyGroup Condition="'$(Cfg_1_Win32)'!=''">
        <VerInfo_MinorVer>0</VerInfo_MinorVer>
        <VerInfo_MajorVer>1</VerInfo_MajorVer>
        <DCC_UnitSearchPath>../;../DirectX/;$(DCC_UnitSearchPath)</DCC_UnitSearchPath>
        <VerInfo_Locale>1033</VerInfo_Locale>
        <VerInfo_Keys>CompanyName=;FileDescription=;FileVersion=1.0.0.0;InternalName=;LegalCopyright=;LegalTrademarks=;OriginalFilename=;ProductName=;ProductVersion=1.0.0.0;Comments=</VerInfo_Keys>
        <Manifest_File>None</Manifest_File>
        <VerInfo_Build>0</VerInfo_Build>
    </PropertyGroup>
    <PropertyGroup Condition="'$(Cfg_1_Win64)'!=''">
        <VerInfo_MinorVer>0</VerInfo_MinorVer>
        <VerInfo_MajorVer>1</VerInfo_MajorVer>
        <DCC_UnitSearchPath>../;../DirectX/;../obj/;$(DCC_UnitSearchPath)</DCC_UnitSearchPath>
        <VerInfo_Locale>1033</VerInfo_Locale>
        <VerInfo_Keys>CompanyName=;FileDescription=;FileVersion=1.0.0.0;InternalName=;LegalCopyright=;LegalTrademarks=;OriginalFilename=;ProductName=;ProductVersion=1.0.0.0;Comments=</VerInfo_Keys>
        <Manifest_File>None</Manifest_File>
        <VerInfo_Build>0</VerInfo_Build>
    </PropertyGroup>
    <PropertyGroup Condition="'$(Cfg_2)'!=''">
        <Version>7.0</Version>
        <DCC_Define>DEBUG;$(DCC_Define)</DCC_Define>
        <DCC_UnitSearchPath>../;../DirectX/;$(DCC_UnitSearchPath)</DCC_UnitSearchPath>
        <DCC_ResourcePath>../;../DirectX/;$(DCC_ResourcePath)</DCC_ResourcePath>
        <DCC_ObjPath>../;../DirectX/;$(DCC_ObjPath)</DCC_ObjPath>
        <DCC_IncludePath>../;../DirectX/;$(DCC_IncludePath)</DCC_IncludePath>
        <DCC_AssertionsAtRuntime>False</DCC_AssertionsAtRuntime>
        <DCC_LocalDebugSymbols>False</DCC_LocalDebugSymbols>
        <DCC_SymbolReferenceInfo>0</DCC_SymbolReferenceInfo>
        <DCC_MapFile>3</DCC_MapFile>
        <DCC_GenerateStackFrames>True</DCC_GenerateStackFrames>
    </PropertyGroup>
    <PropertyGroup Condition="'$(Cfg_2_Win32)'!=''">
        <VerInfo_Locale>1033</VerInfo_Locale>
        <VerInfo_MinorVer>0</VerInfo_MinorVer>
        <VerInfo_MajorVer>1</VerInfo_MajorVer>
        <VerInfo_Keys>CompanyName=;FileDescription=;FileVersion=1.0.0.0;InternalName=;LegalCopyright=;LegalTrademarks=;OriginalFilename=;ProductName=;ProductVersion=1.0.0.0;Comments=</VerInfo_Keys>
        <Manifest_File>None</Manifest_File>
        <VerInfo_Build>0</VerInfo_Build>
    </PropertyGroup>
    <PropertyGroup Condition="'$(Cfg_2_Win64)'!=''">
        <VerInfo_Locale>1033</VerInfo_Locale>
        <VerInfo_MinorVer>0</VerInfo_MinorVer>
        <VerInfo_MajorVer>1</VerInfo_MajorVer>
        <VerInfo_Keys>CompanyName=;FileDescription=;FileVersion=1.0.0.0;InternalName=;LegalCopyright=;LegalTrademarks=;OriginalFilename=;ProductName=;ProductVersion=1.0.0.0;Comments=</VerInfo_Keys>
        <Manifest_File>None</Manifest_File>
        <VerInfo_Build>0</VerInfo_Build>
    </PropertyGroup>
    <ProjectExtensions>
        <Borland.Personality>Delphi.Personality.12</Borland.Personality>
        <Borland.ProjectType/>
        <BorlandProject>
            <Delphi.Personality>
                <Parameters>
                    <Parameters Name="UseLauncher">False</Parameters>
                    <Parameters Name="LoadAllSymbols">True</Parameters>
                    <Parameters Name="LoadUnspecifiedSymbols">False</Parameters>
                </Parameters>
                <VersionInfo>
                    <VersionInfo Name="IncludeVerInfo">True</VersionInfo>
                    <VersionInfo Name="AutoIncBuild">True</VersionInfo>
                    <VersionInfo Name="MajorVer">0</VersionInfo>
                    <VersionInfo Name="MinorVer">4</VersionInfo>
                    <VersionInfo Name="Release">0</VersionInfo>
                    <VersionInfo Name="Build">259</VersionInfo>
                    <VersionInfo Name="Debug">False</VersionInfo>
                    <VersionInfo Name="PreRelease">False</VersionInfo>
                    <VersionInfo Name="Special">False</VersionInfo>
                    <VersionInfo Name="Private">False</VersionInfo>
                    <VersionInfo Name="DLL">False</VersionInfo>
                    <VersionInfo Name="Locale">1049</VersionInfo>
                    <VersionInfo Name="CodePage">1251</VersionInfo>
                </VersionInfo>
                <VersionInfoKeys>
                    <VersionInfoKeys Name="CompanyName">Quad-engine</VersionInfoKeys>
                    <VersionInfoKeys Name="FileDescription"/>
                    <VersionInfoKeys Name="FileVersion">0.4.0.259</VersionInfoKeys>
                    <VersionInfoKeys Name="InternalName"/>
                    <VersionInfoKeys Name="LegalCopyright">Quad-engine</VersionInfoKeys>
                    <VersionInfoKeys Name="LegalTrademarks"/>
                    <VersionInfoKeys Name="OriginalFilename"/>
                    <VersionInfoKeys Name="ProductName">Quad-engine Library</VersionInfoKeys>
                    <VersionInfoKeys Name="ProductVersion">0.4.0</VersionInfoKeys>
                    <VersionInfoKeys Name="Comments">http://quad-engine.com</VersionInfoKeys>
                </VersionInfoKeys>
                <Excluded_Packages>
                    <Excluded_Packages Name="$(BDSBIN)\dcloffice2k170.bpl">Microsoft Office 2000 Sample Automation Server Wrapper Components</Excluded_Packages>
                    <Excluded_Packages Name="$(BDSBIN)\dclofficexp170.bpl">Microsoft Office XP Sample Automation Server Wrapper Components</Excluded_Packages>
                </Excluded_Packages>
                <Source>
                    <Source Name="MainSource">qei.dpr</Source>
                </Source>
            </Delphi.Personality>
            <Platforms>
                <Platform value="OSX32">False</Platform>
                <Platform value="Win32">True</Platform>
                <Platform value="Win64">True</Platform>
            </Platforms>
            <Deployment>
                <DeployFile LocalName="qei.dll" Configuration="Release" Class="ProjectOutput">
                    <Platform Name="Win32"/>
                </DeployFile>
                <DeployFile LocalName="qei.rsm" Configuration="Release" Class="DebugSymbols">
                    <Platform Name="Win32">
                        <RemoteName>qei.rsm</RemoteName>
                    </Platform>
                </DeployFile>
                <DeployFile LocalName="$(BDS)\Redist\osx32\libcgunwind.1.0.dylib" Class="DependencyModule">
                    <Platform Name="OSX32"/>
                    <Platform Name="iOSSimulator"/>
                    <Platform Name="iOSDevice"/>
                </DeployFile>
                <DeployClass Required="true" Name="DependencyPackage">
                    <Platform Name="iOSDevice">
                        <Operation>1</Operation>
                        <Extensions>.dylib</Extensions>
                    </Platform>
                    <Platform Name="Win32">
                        <Operation>0</Operation>
                        <Extensions>.bpl</Extensions>
                    </Platform>
                    <Platform Name="OSX32">
                        <Operation>1</Operation>
                        <Extensions>.dylib</Extensions>
                    </Platform>
                    <Platform Name="iOSSimulator">
                        <Operation>1</Operation>
                        <Extensions>.dylib</Extensions>
                    </Platform>
                </DeployClass>
                <DeployClass Name="DependencyModule">
                    <Platform Name="iOSDevice">
                        <Operation>1</Operation>
                        <Extensions>.dylib</Extensions>
                    </Platform>
                    <Platform Name="Win32">
                        <Operation>0</Operation>
                        <Extensions>.dll;.bpl</Extensions>
                    </Platform>
                    <Platform Name="OSX32">
                        <Operation>1</Operation>
                        <Extensions>.dylib</Extensions>
                    </Platform>
                    <Platform Name="iOSSimulator">
                        <Operation>1</Operation>
                        <Extensions>.dylib</Extensions>
                    </Platform>
                </DeployClass>
                <DeployClass Name="iPad_Launch2048">
                    <Platform Name="iOSDevice">
                        <Operation>1</Operation>
                    </Platform>
                    <Platform Name="iOSSimulator">
                        <Operation>1</Operation>
                    </Platform>
                </DeployClass>
                <DeployClass Name="ProjectOSXInfoPList"/>
                <DeployClass Name="ProjectiOSDeviceInfoPList"/>
                <DeployClass Name="iPad_Launch1024">
                    <Platform Name="iOSDevice">
                        <Operation>1</Operation>
                    </Platform>
                    <Platform Name="iOSSimulator">
                        <Operation>1</Operation>
                    </Platform>
                </DeployClass>
                <DeployClass Name="ProjectiOSResource">
                    <Platform Name="iOSDevice">
                        <Operation>1</Operation>
                    </Platform>
                    <Platform Name="iOSSimulator">
                        <Operation>1</Operation>
                    </Platform>
                </DeployClass>
                <DeployClass Name="ProjectiOSSimulatorInfoPList"/>
                <DeployClass Name="ProjectOSXEntitlements"/>
                <DeployClass Name="iPhone_Launch640">
                    <Platform Name="iOSDevice">
                        <Operation>1</Operation>
                    </Platform>
                    <Platform Name="iOSSimulator">
                        <Operation>1</Operation>
                    </Platform>
                </DeployClass>
                <DeployClass Name="ProjectOSXResource">
                    <Platform Name="OSX32">
                        <RemoteDir>Contents\Resources</RemoteDir>
                        <Operation>1</Operation>
                    </Platform>
                </DeployClass>
                <DeployClass Name="iPhone_Launch320">
                    <Platform Name="iOSDevice">
                        <Operation>1</Operation>
                    </Platform>
                    <Platform Name="iOSSimulator">
                        <Operation>1</Operation>
                    </Platform>
                </DeployClass>
                <DeployClass Name="iPad_Launch768">
                    <Platform Name="iOSDevice">
                        <Operation>1</Operation>
                    </Platform>
                    <Platform Name="iOSSimulator">
                        <Operation>1</Operation>
                    </Platform>
                </DeployClass>
                <DeployClass Required="true" Name="ProjectOutput">
                    <Platform Name="iOSDevice">
                        <Operation>1</Operation>
                    </Platform>
                    <Platform Name="Win32">
                        <Operation>0</Operation>
                    </Platform>
                    <Platform Name="OSX32">
                        <Operation>1</Operation>
                    </Platform>
                    <Platform Name="iOSSimulator">
                        <Operation>1</Operation>
                    </Platform>
                </DeployClass>
                <DeployClass Name="ProjectiOSDeviceResourceRules"/>
                <DeployClass Name="File">
                    <Platform Name="iOSDevice">
                        <Operation>0</Operation>
                    </Platform>
                    <Platform Name="Win32">
                        <Operation>0</Operation>
                    </Platform>
                    <Platform Name="OSX32">
                        <Operation>0</Operation>
                    </Platform>
                    <Platform Name="iOSSimulator">
                        <Operation>0</Operation>
                    </Platform>
                </DeployClass>
                <DeployClass Name="DebugSymbols">
                    <Platform Name="iOSDevice">
                        <Operation>1</Operation>
                    </Platform>
                    <Platform Name="Win32">
                        <Operation>0</Operation>
                    </Platform>
                    <Platform Name="OSX32">
                        <Operation>1</Operation>
                    </Platform>
                    <Platform Name="iOSSimulator">
                        <Operation>1</Operation>
                    </Platform>
                </DeployClass>
                <DeployClass Name="DependencyFramework">
                    <Platform Name="OSX32">
                        <Operation>1</Operation>
                        <Extensions>.framework</Extensions>
                    </Platform>
                    <Platform Name="Win32">
                        <Operation>0</Operation>
                    </Platform>
                </DeployClass>
                <DeployClass Name="ProjectiOSEntitlements">
                    <Platform Name="iOSDevice">
                        <Operation>1</Operation>
                    </Platform>
                </DeployClass>
                <DeployClass Name="iPad_Launch1536">
                    <Platform Name="iOSDevice">
                        <Operation>1</Operation>
                    </Platform>
                    <Platform Name="iOSSimulator">
                        <Operation>1</Operation>
                    </Platform>
                </DeployClass>
                <DeployClass Name="AdditionalDebugSymbols">
                    <Platform Name="iOSDevice">
                        <Operation>1</Operation>
                    </Platform>
                    <Platform Name="Win32">
                        <RemoteDir>Contents\MacOS</RemoteDir>
                        <Operation>0</Operation>
                    </Platform>
                    <Platform Name="OSX32">
                        <Operation>1</Operation>
                    </Platform>
                    <Platform Name="iOSSimulator">
                        <Operation>1</Operation>
                    </Platform>
                </DeployClass>
                <ProjectRoot Platform="iOSDevice" Name="$(PROJECTNAME).app"/>
                <ProjectRoot Platform="Win32" Name="$(PROJECTNAME)"/>
                <ProjectRoot Platform="OSX32" Name="$(PROJECTNAME)"/>
                <ProjectRoot Platform="iOSSimulator" Name="$(PROJECTNAME).app"/>
                <ProjectRoot Platform="Win64" Name="$(PROJECTNAME)"/>
            </Deployment>
        </BorlandProject>
        <ProjectFileVersion>12</ProjectFileVersion>
    </ProjectExtensions>
    <Import Project="$(BDS)\Bin\CodeGear.Delphi.Targets"/>
    <ItemGroup>
        <DelphiCompile Include="$(MainSource)">
            <MainSource>MainSource</MainSource>
        </DelphiCompile>
        <DCCReference Include="..\QuadEngine.pas"/>
        <DCCReference Include="..\QuadEngine.Device.pas"/>
        <DCCReference Include="..\QuadEngine.Font.pas"/>
        <DCCReference Include="..\QuadEngine.Log.pas"/>
        <DCCReference Include="..\QuadEngine.Render.pas"/>
        <DCCReference Include="..\QuadEngine.Shader.pas"/>
        <DCCReference Include="..\QuadEngine.Sprite.pas"/>
        <DCCReference Include="..\QuadEngine.Texture.pas"/>
        <DCCReference Include="..\QuadEngine.Timer.pas"/>
        <DCCReference Include="..\QuadEngine.Utils.pas"/>
        <DCCReference Include="..\QuadEngine.Window.pas"/>
        <DCCReference Include="..\QuadEngine.Camera.pas"/>
        <BuildConfiguration Include="Debug">
            <Key>Cfg_2</Key>
            <CfgParent>Base</CfgParent>
        </BuildConfiguration>
        <BuildConfiguration Include="Base">
            <Key>Base</Key>
        </BuildConfiguration>
        <BuildConfiguration Include="Release">
            <Key>Cfg_1</Key>
            <CfgParent>Base</CfgParent>
        </BuildConfiguration>
    </ItemGroup>
    <Import Project="$(APPDATA)\Embarcadero\$(BDSAPPDATABASEDIR)\$(PRODUCTVERSION)\UserTools.proj" Condition="Exists('$(APPDATA)\Embarcadero\$(BDSAPPDATABASEDIR)\$(PRODUCTVERSION)\UserTools.proj')"/>
    <Import Project="$(MSBuildProjectName).deployproj" Condition="Exists('$(MSBuildProjectName).deployproj')"/>
</Project>
